
Microsoft Visual Studio Solution File, Format Version 12.00
# Visual Studio 15
VisualStudioVersion = 15.0.27004.2006
MinimumVisualStudioVersion = 10.0.40219.1
Project("{9A19103F-16F7-4668-BE54-9A1E7A4F7556}") = "UtilPack", "UtilPack\UtilPack.csproj", "{6023CF33-713A-471D-A58C-D59228E900A3}"
EndProject
Project("{9A19103F-16F7-4668-BE54-9A1E7A4F7556}") = "UtilPack.JSON", "UtilPack.JSON\UtilPack.JSON.csproj", "{2B61DE29-C6C2-42DC-B2F4-8FECA746958C}"
EndProject
Project("{9A19103F-16F7-4668-BE54-9A1E7A4F7556}") = "UtilPack.Tests", "UtilPack.Tests\UtilPack.Tests.csproj", "{9F1E8C76-8B7E-43B1-821B-6D7854680B09}"
EndProject
Project("{9A19103F-16F7-4668-BE54-9A1E7A4F7556}") = "UtilPack.Configuration", "UtilPack.Configuration\UtilPack.Configuration.csproj", "{E8614DA1-1CD5-4244-B13F-C92C937B4618}"
EndProject
Project("{9A19103F-16F7-4668-BE54-9A1E7A4F7556}") = "UtilPack.MSBuild.AsyncExec", "UtilPack.MSBuild.AsyncExec\UtilPack.MSBuild.AsyncExec.csproj", "{980BFAC3-28AD-411A-AF38-38A6E4C0CBEB}"
EndProject
Project("{9A19103F-16F7-4668-BE54-9A1E7A4F7556}") = "UtilPack.TabularData", "UtilPack.TabularData\UtilPack.TabularData.csproj", "{A5C7A366-142B-4D47-956C-E96777E6B48E}"
EndProject
Project("{9A19103F-16F7-4668-BE54-9A1E7A4F7556}") = "NetworkUtils.ResourcePooling", "NetworkUtils.ResourcePooling\NetworkUtils.ResourcePooling.csproj", "{0CC65E99-25B5-4B64-A330-9FC4BC41AE97}"
EndProject
Project("{9A19103F-16F7-4668-BE54-9A1E7A4F7556}") = "UtilPack.Logging", "UtilPack.Logging\UtilPack.Logging.csproj", "{6BB0EB38-7766-4C4A-8D57-BA594F85FC46}"
EndProject
Project("{9A19103F-16F7-4668-BE54-9A1E7A4F7556}") = "NetworkUtils.Configuration", "NetworkUtils.Configuration\NetworkUtils.Configuration.csproj", "{3D166A33-E02B-4368-93A7-B18B00505AF3}"
EndProject
Project("{9A19103F-16F7-4668-BE54-9A1E7A4F7556}") = "UtilPack.Documentation", "UtilPack.Documentation\UtilPack.Documentation.csproj", "{F0606F42-2A0E-40BB-B7AE-691EB5995A9D}"
EndProject
Global
	GlobalSection(SolutionConfigurationPlatforms) = preSolution
		Debug|Any CPU = Debug|Any CPU
		Release|Any CPU = Release|Any CPU
	EndGlobalSection
	GlobalSection(ProjectConfigurationPlatforms) = postSolution
		{6023CF33-713A-471D-A58C-D59228E900A3}.Debug|Any CPU.ActiveCfg = Debug|Any CPU
		{6023CF33-713A-471D-A58C-D59228E900A3}.Debug|Any CPU.Build.0 = Debug|Any CPU
		{6023CF33-713A-471D-A58C-D59228E900A3}.Release|Any CPU.ActiveCfg = Release|Any CPU
		{6023CF33-713A-471D-A58C-D59228E900A3}.Release|Any CPU.Build.0 = Release|Any CPU
		{2B61DE29-C6C2-42DC-B2F4-8FECA746958C}.Debug|Any CPU.ActiveCfg = Debug|Any CPU
		{2B61DE29-C6C2-42DC-B2F4-8FECA746958C}.Debug|Any CPU.Build.0 = Debug|Any CPU
		{2B61DE29-C6C2-42DC-B2F4-8FECA746958C}.Release|Any CPU.ActiveCfg = Release|Any CPU
		{2B61DE29-C6C2-42DC-B2F4-8FECA746958C}.Release|Any CPU.Build.0 = Release|Any CPU
		{9F1E8C76-8B7E-43B1-821B-6D7854680B09}.Debug|Any CPU.ActiveCfg = Debug|Any CPU
		{9F1E8C76-8B7E-43B1-821B-6D7854680B09}.Debug|Any CPU.Build.0 = Debug|Any CPU
		{9F1E8C76-8B7E-43B1-821B-6D7854680B09}.Release|Any CPU.ActiveCfg = Release|Any CPU
		{9F1E8C76-8B7E-43B1-821B-6D7854680B09}.Release|Any CPU.Build.0 = Release|Any CPU
		{D6F43E1B-BD28-428C-8AA5-7C97E4F7D9F1}.Debug|Any CPU.ActiveCfg = Debug|Any CPU
		{D6F43E1B-BD28-428C-8AA5-7C97E4F7D9F1}.Debug|Any CPU.Build.0 = Debug|Any CPU
		{D6F43E1B-BD28-428C-8AA5-7C97E4F7D9F1}.Release|Any CPU.ActiveCfg = Release|Any CPU
		{D6F43E1B-BD28-428C-8AA5-7C97E4F7D9F1}.Release|Any CPU.Build.0 = Release|Any CPU
		{7A3817AE-6B9B-444E-95AC-F9D7D758688B}.Debug|Any CPU.ActiveCfg = Debug|Any CPU
		{7A3817AE-6B9B-444E-95AC-F9D7D758688B}.Debug|Any CPU.Build.0 = Debug|Any CPU
		{7A3817AE-6B9B-444E-95AC-F9D7D758688B}.Release|Any CPU.ActiveCfg = Release|Any CPU
		{7A3817AE-6B9B-444E-95AC-F9D7D758688B}.Release|Any CPU.Build.0 = Release|Any CPU
		{E8614DA1-1CD5-4244-B13F-C92C937B4618}.Debug|Any CPU.ActiveCfg = Debug|Any CPU
		{E8614DA1-1CD5-4244-B13F-C92C937B4618}.Debug|Any CPU.Build.0 = Debug|Any CPU
		{E8614DA1-1CD5-4244-B13F-C92C937B4618}.Release|Any CPU.ActiveCfg = Release|Any CPU
		{E8614DA1-1CD5-4244-B13F-C92C937B4618}.Release|Any CPU.Build.0 = Release|Any CPU
		{980BFAC3-28AD-411A-AF38-38A6E4C0CBEB}.Debug|Any CPU.ActiveCfg = Debug|Any CPU
		{980BFAC3-28AD-411A-AF38-38A6E4C0CBEB}.Debug|Any CPU.Build.0 = Debug|Any CPU
		{980BFAC3-28AD-411A-AF38-38A6E4C0CBEB}.Release|Any CPU.ActiveCfg = Release|Any CPU
		{980BFAC3-28AD-411A-AF38-38A6E4C0CBEB}.Release|Any CPU.Build.0 = Release|Any CPU
		{A5C7A366-142B-4D47-956C-E96777E6B48E}.Debug|Any CPU.ActiveCfg = Debug|Any CPU
		{A5C7A366-142B-4D47-956C-E96777E6B48E}.Debug|Any CPU.Build.0 = Debug|Any CPU
		{A5C7A366-142B-4D47-956C-E96777E6B48E}.Release|Any CPU.ActiveCfg = Release|Any CPU
		{A5C7A366-142B-4D47-956C-E96777E6B48E}.Release|Any CPU.Build.0 = Release|Any CPU
		{7360F115-A801-43E2-AF48-F27F5FC67DD6}.Debug|Any CPU.ActiveCfg = Debug|Any CPU
		{7360F115-A801-43E2-AF48-F27F5FC67DD6}.Debug|Any CPU.Build.0 = Debug|Any CPU
		{7360F115-A801-43E2-AF48-F27F5FC67DD6}.Release|Any CPU.ActiveCfg = Release|Any CPU
		{7360F115-A801-43E2-AF48-F27F5FC67DD6}.Release|Any CPU.Build.0 = Release|Any CPU
		{FB4F98E6-A94C-41F9-8808-45A3B01DBB20}.Debug|Any CPU.ActiveCfg = Debug|Any CPU
		{FB4F98E6-A94C-41F9-8808-45A3B01DBB20}.Debug|Any CPU.Build.0 = Debug|Any CPU
		{FB4F98E6-A94C-41F9-8808-45A3B01DBB20}.Release|Any CPU.ActiveCfg = Release|Any CPU
		{FB4F98E6-A94C-41F9-8808-45A3B01DBB20}.Release|Any CPU.Build.0 = Release|Any CPU
		{0CC65E99-25B5-4B64-A330-9FC4BC41AE97}.Debug|Any CPU.ActiveCfg = Debug|Any CPU
		{0CC65E99-25B5-4B64-A330-9FC4BC41AE97}.Debug|Any CPU.Build.0 = Debug|Any CPU
		{0CC65E99-25B5-4B64-A330-9FC4BC41AE97}.Release|Any CPU.ActiveCfg = Release|Any CPU
		{0CC65E99-25B5-4B64-A330-9FC4BC41AE97}.Release|Any CPU.Build.0 = Release|Any CPU
		{D8D38563-AEE6-4244-BE8F-05C8F39E3366}.Debug|Any CPU.ActiveCfg = Debug|Any CPU
		{D8D38563-AEE6-4244-BE8F-05C8F39E3366}.Debug|Any CPU.Build.0 = Debug|Any CPU
		{D8D38563-AEE6-4244-BE8F-05C8F39E3366}.Release|Any CPU.ActiveCfg = Release|Any CPU
		{D8D38563-AEE6-4244-BE8F-05C8F39E3366}.Release|Any CPU.Build.0 = Release|Any CPU
		{C11F826C-9CB6-488C-B488-2CD8A514AB0E}.Debug|Any CPU.ActiveCfg = Debug|Any CPU
		{C11F826C-9CB6-488C-B488-2CD8A514AB0E}.Debug|Any CPU.Build.0 = Debug|Any CPU
		{C11F826C-9CB6-488C-B488-2CD8A514AB0E}.Release|Any CPU.ActiveCfg = Release|Any CPU
		{C11F826C-9CB6-488C-B488-2CD8A514AB0E}.Release|Any CPU.Build.0 = Release|Any CPU
		{6BB0EB38-7766-4C4A-8D57-BA594F85FC46}.Debug|Any CPU.ActiveCfg = Debug|Any CPU
		{6BB0EB38-7766-4C4A-8D57-BA594F85FC46}.Debug|Any CPU.Build.0 = Debug|Any CPU
		{6BB0EB38-7766-4C4A-8D57-BA594F85FC46}.Release|Any CPU.ActiveCfg = Release|Any CPU
		{6BB0EB38-7766-4C4A-8D57-BA594F85FC46}.Release|Any CPU.Build.0 = Release|Any CPU
		{3D166A33-E02B-4368-93A7-B18B00505AF3}.Debug|Any CPU.ActiveCfg = Debug|Any CPU
		{3D166A33-E02B-4368-93A7-B18B00505AF3}.Debug|Any CPU.Build.0 = Debug|Any CPU
		{3D166A33-E02B-4368-93A7-B18B00505AF3}.Release|Any CPU.ActiveCfg = Release|Any CPU
		{3D166A33-E02B-4368-93A7-B18B00505AF3}.Release|Any CPU.Build.0 = Release|Any CPU
		{55CD6D08-1D2C-489D-9303-3F992A74260F}.Debug|Any CPU.ActiveCfg = Debug|Any CPU
		{55CD6D08-1D2C-489D-9303-3F992A74260F}.Debug|Any CPU.Build.0 = Debug|Any CPU
		{55CD6D08-1D2C-489D-9303-3F992A74260F}.Release|Any CPU.ActiveCfg = Release|Any CPU
		{55CD6D08-1D2C-489D-9303-3F992A74260F}.Release|Any CPU.Build.0 = Release|Any CPU
		{F0606F42-2A0E-40BB-B7AE-691EB5995A9D}.Debug|Any CPU.ActiveCfg = Debug|Any CPU
		{F0606F42-2A0E-40BB-B7AE-691EB5995A9D}.Debug|Any CPU.Build.0 = Debug|Any CPU
		{F0606F42-2A0E-40BB-B7AE-691EB5995A9D}.Release|Any CPU.ActiveCfg = Release|Any CPU
		{F0606F42-2A0E-40BB-B7AE-691EB5995A9D}.Release|Any CPU.Build.0 = Release|Any CPU
		{CC0ED6DD-16DE-48C6-A944-13A9EE1D2E65}.Debug|Any CPU.ActiveCfg = Debug|Any CPU
		{CC0ED6DD-16DE-48C6-A944-13A9EE1D2E65}.Debug|Any CPU.Build.0 = Debug|Any CPU
		{CC0ED6DD-16DE-48C6-A944-13A9EE1D2E65}.Release|Any CPU.ActiveCfg = Release|Any CPU
		{CC0ED6DD-16DE-48C6-A944-13A9EE1D2E65}.Release|Any CPU.Build.0 = Release|Any CPU
	EndGlobalSection
	GlobalSection(SolutionProperties) = preSolution
		HideSolutionNode = FALSE
	EndGlobalSection
	GlobalSection(ExtensibilityGlobals) = postSolution
		SolutionGuid = {753AD67F-6E03-41D5-9A7E-CE3FA153AC6D}
	EndGlobalSection
EndGlobal
